{
  "name": "chaplin-coin",
  "version": "1.0.0",
  "lockfileVersion": 1,
  "requires": true,
  "dependencies": {
    "@types/node": {
      "version": "14.14.37",
      "resolved": "https://registry.npmjs.org/@types/node/-/node-14.14.37.tgz",
      "integrity": "sha512-XYmBiy+ohOR4Lh5jE379fV2IU+6Jn4g5qASinhitfyO71b/sCo6MKsMLF5tc7Zf2CE8hViVQyYSobJNke8OvUw=="
    },
    "typescript": {
      "version": "4.3.4",
      "resolved": "https://registry.npmjs.org/typescript/-/typescript-4.3.4.tgz",
      "integrity": "sha512-uauPG7XZn9F/mo+7MrsRjyvbxFpzemRjKEZXS4AK83oP2KKOJPvb+9cO/gmnv8arWZvhnjVOXz7B49m1l0e9Ew=="
    }
  }
}
